
Microsoft Visual Studio Solution File, Format Version 12.00
# Visual Studio Version 16
VisualStudioVersion = 16.0.30204.135
MinimumVisualStudioVersion = 10.0.40219.1
Project("{FAE04EC0-301F-11D3-BF4B-00C04F79EFBC}") = "Malshi Rent A Car", "Malshi Rent A Car\Malshi Rent A Car.csproj", "{DB351D85-E691-47F2-AA69-1AB1E498D6DA}"
EndProject
Global
	GlobalSection(SolutionConfigurationPlatforms) = preSolution
		Debug|Any CPU = Debug|Any CPU
		Release|Any CPU = Release|Any CPU
	EndGlobalSection
	GlobalSection(ProjectConfigurationPlatforms) = postSolution
		{DB351D85-E691-47F2-AA69-1AB1E498D6DA}.Debug|Any CPU.ActiveCfg = Debug|Any CPU
		{DB351D85-E691-47F2-AA69-1AB1E498D6DA}.Debug|Any CPU.Build.0 = Debug|Any CPU
		{DB351D85-E691-47F2-AA69-1AB1E498D6DA}.Release|Any CPU.ActiveCfg = Release|Any CPU
		{DB351D85-E691-47F2-AA69-1AB1E498D6DA}.Release|Any CPU.Build.0 = Release|Any CPU
	EndGlobalSection
	GlobalSection(SolutionProperties) = preSolution
		HideSolutionNode = FALSE
	EndGlobalSection
	GlobalSection(ExtensibilityGlobals) = postSolution
		SolutionGuid = {C74E3B4B-5509-49DE-9C3B-9722564BB171}
	EndGlobalSection
EndGlobal
